<Solution>
  <Folder Name="/src/" />
  <Folder Name="/src/Cordis/">
    <Project Path="src/Cordis/Cordis.Core/Cordis.Core.csproj" />
    <Project Path="src/Cordis/Cordis.Cosmokit/Cordis.Cosmokit.csproj" />
    <Project Path="src/Cordis/Cordis.Logger.Console/Cordis.Logger.Console.csproj" />
    <Project Path="src/Cordis/Cordis.Plugin.Hmr/Cordis.Plugin.Hmr.csproj" />
    <Project Path="src/Cordis/Cordis.Plugin.Include/Cordis.Plugin.Include.csproj" />
    <Project Path="src/Cordis/Cordis.Plugin.Loader/Cordis.Plugin.Loader.csproj" />
    <Project Path="src/Cordis/Cordis.Plugin.Timer/Cordis.Plugin.Timer.csproj" />
    <Project Path="src/Cordis/Cordis.Schemastery/Cordis.Schemastery.csproj" />
  </Folder>
  <Folder Name="/src/Dsh/">
    <Project Path="src/Dsh/Dsh.Agent/Dsh.Agent.csproj" />
    <Project Path="src/Dsh/Dsh.AgentLoop/Dsh.AgentLoop.csproj" />
    <Project Path="src/Dsh/Dsh.Authorization/Dsh.Authorization.csproj" />
    <Project Path="src/Dsh/Dsh.Fs/Dsh.Fs.csproj" />
    <Project Path="src/Dsh/Dsh.Identity/Dsh.Identity.csproj" />
    <Project Path="src/Dsh/Dsh.Jobs/Dsh.Jobs.csproj" />
    <Project Path="src/Dsh/Dsh.Plan/Dsh.Plan.csproj" />
    <Project Path="src/Dsh/Dsh.Settings/Dsh.Settings.csproj" />
    <Project Path="src/Dsh/Dsh.Shell/Dsh.Shell.csproj" />
    <Project Path="src/Dsh/Dsh.Skill/Dsh.Skill.csproj" />
    <Project Path="src/Dsh/Dsh.Subprocess/Dsh.Subprocess.csproj" />
    <Project Path="src/Dsh/Dsh.Cli/Dsh.Cli.csproj" />
    <Project Path="src/Dsh/Dsh.Credentials/Dsh.Credentials.csproj" />
    <Project Path="src/Dsh/Dsh.Llm/Dsh.Llm.csproj" />
    <Project Path="src/Dsh/Dsh.Llm.DeepSeek/Dsh.Llm.DeepSeek.csproj" />
    <Project Path="src/Dsh/Dsh.Scope/Dsh.Scope.csproj" />
    <Project Path="src/Dsh/Dsh.Session/Dsh.Session.csproj" />
    <Project Path="src/Dsh/Dsh.Session.Persistence/Dsh.Session.Persistence.csproj" />
    <Project Path="src/Dsh/Dsh.Session.Projection/Dsh.Session.Projection.csproj" />
    <Project Path="src/Dsh/Dsh.Session.Titles/Dsh.Session.Titles.csproj" />
    <Project Path="src/Dsh/Dsh.Spike/Dsh.Spike.csproj" />
    <Project Path="src/Dsh/Dsh.SystemPrompt/Dsh.SystemPrompt.csproj" />
    <Project Path="src/Dsh/Dsh.Tui/Dsh.Tui.csproj" />
    <Project Path="src/Dsh/Dsh.Web/Dsh.Web.csproj" />
    <Project Path="src/Dsh/Dsh.Web.Host/Dsh.Web.Host.csproj" />
    <Project Path="src/Dsh/Dsh.Web.App/Dsh.Web.App.csproj" />
    <Project Path="src/Dsh/Dsh.Rpc.Generator/Dsh.Rpc.Generator.csproj" />
    <Project Path="src/Dsh/Dsh.Interaction/Dsh.Interaction.csproj" />
    <Project Path="src/Dsh/Dsh.Goal/Dsh.Goal.csproj" />
    <Project Path="src/Dsh/Dsh.Schedule/Dsh.Schedule.csproj" />
    <Project Path="src/Dsh/Dsh.Feedback/Dsh.Feedback.csproj" />
    <Project Path="src/Dsh/Dsh.Storage/Dsh.Storage.csproj" />
    <Project Path="src/Dsh/Dsh.Workspace/Dsh.Workspace.csproj" />
    <Project Path="src/Dsh/Dsh.Workflow/Dsh.Workflow.csproj" />
    <Project Path="src/Dsh/Dsh.Webhook/Dsh.Webhook.csproj" />
    <Project Path="src/Dsh/Dsh.Spill/Dsh.Spill.csproj" />
    <Project Path="src/Dsh/Dsh.Attachment/Dsh.Attachment.csproj" />
    <Project Path="src/Dsh/Dsh.Compaction/Dsh.Compaction.csproj" />
    <Project Path="src/Dsh/Dsh.Context/Dsh.Context.csproj" />
    <Project Path="src/Dsh/Dsh.SessionQuery/Dsh.SessionQuery.csproj" />
    <Project Path="src/Dsh/Dsh.Sandbox/Dsh.Sandbox.csproj" />
    <Project Path="src/Dsh/Dsh.Preset/Dsh.Preset.csproj" />
    <Project Path="src/Dsh/Dsh.Guard/Dsh.Guard.csproj" />
    <Project Path="src/Dsh/Dsh.Terminal/Dsh.Terminal.csproj" />
    <Project Path="src/Dsh/Dsh.Hooks/Dsh.Hooks.csproj" />
    <Project Path="src/Dsh/Dsh.Lsp/Dsh.Lsp.csproj" />
    <Project Path="src/Dsh/Dsh.Subagent/Dsh.Subagent.csproj" />
    <Project Path="src/Dsh/Dsh.Tools/Dsh.Tools.csproj" />
    <Project Path="src/Dsh/Dsh.Todo/Dsh.Todo.csproj" />
  </Folder>
  <Folder Name="/tests/">
    <Project Path="tests/Cordis.Core.Tests/Cordis.Core.Tests.csproj" />
    <Project Path="tests/Cordis.Plugin.Hmr.Tests/Cordis.Plugin.Hmr.Tests.csproj" />
    <Project Path="tests/Cordis.Plugin.Include.Tests/Cordis.Plugin.Include.Tests.csproj" />
    <Project Path="tests/Cordis.Plugin.Loader.Tests/Cordis.Plugin.Loader.Tests.csproj" />
    <Project Path="tests/Cordis.Plugin.Timer.Tests/Cordis.Plugin.Timer.Tests.csproj" />
    <Project Path="tests/Cordis.Tests/Cordis.Tests.csproj" />
    <Project Path="tests/Dsh.Agent.Tests/Dsh.Agent.Tests.csproj" />
    <Project Path="tests/Dsh.AgentLoop.Tests/Dsh.AgentLoop.Tests.csproj" />
    <Project Path="tests/Dsh.Authorization.Tests/Dsh.Authorization.Tests.csproj" />
    <Project Path="tests/Dsh.Fs.Tests/Dsh.Fs.Tests.csproj" />
    <Project Path="tests/Dsh.Identity.Tests/Dsh.Identity.Tests.csproj" />
    <Project Path="tests/Dsh.Jobs.Tests/Dsh.Jobs.Tests.csproj" />
    <Project Path="tests/Dsh.Plan.Tests/Dsh.Plan.Tests.csproj" />
    <Project Path="tests/Dsh.Settings.Tests/Dsh.Settings.Tests.csproj" />
    <Project Path="tests/Dsh.Shell.Tests/Dsh.Shell.Tests.csproj" />
    <Project Path="tests/Dsh.Skill.Tests/Dsh.Skill.Tests.csproj" />
    <Project Path="tests/Dsh.Subprocess.Tests/Dsh.Subprocess.Tests.csproj" />
    <Project Path="tests/Dsh.Cli.Tests/Dsh.Cli.Tests.csproj" />
    <Project Path="tests/Dsh.Credentials.Tests/Dsh.Credentials.Tests.csproj" />
    <Project Path="tests/Dsh.Llm.DeepSeek.Tests/Dsh.Llm.DeepSeek.Tests.csproj" />
    <Project Path="tests/Dsh.Session.Persistence.Tests/Dsh.Session.Persistence.Tests.csproj" />
    <Project Path="tests/Dsh.Spike.Tests/Dsh.Spike.Tests.csproj" />
    <Project Path="tests/Dsh.SystemPrompt.Tests/Dsh.SystemPrompt.Tests.csproj" />
    <Project Path="tests/Dsh.Tui.Tests/Dsh.Tui.Tests.csproj" />
    <Project Path="tests/Dsh.Web.Tests/Dsh.Web.Tests.csproj" />
    <Project Path="tests/Dsh.Web.Host.Tests/Dsh.Web.Host.Tests.csproj" />
    <Project Path="tests/Dsh.Goal.Tests/Dsh.Goal.Tests.csproj" />
    <Project Path="tests/Dsh.Interaction.Tests/Dsh.Interaction.Tests.csproj" />
    <Project Path="tests/Dsh.Schedule.Tests/Dsh.Schedule.Tests.csproj" />
    <Project Path="tests/Dsh.Feedback.Tests/Dsh.Feedback.Tests.csproj" />
    <Project Path="tests/Dsh.Storage.Tests/Dsh.Storage.Tests.csproj" />
    <Project Path="tests/Dsh.Workspace.Tests/Dsh.Workspace.Tests.csproj" />
    <Project Path="tests/Dsh.Workflow.Tests/Dsh.Workflow.Tests.csproj" />
    <Project Path="tests/Dsh.Webhook.Tests/Dsh.Webhook.Tests.csproj" />
    <Project Path="tests/Dsh.Spill.Tests/Dsh.Spill.Tests.csproj" />
    <Project Path="tests/Dsh.Attachment.Tests/Dsh.Attachment.Tests.csproj" />
    <Project Path="tests/Dsh.Compaction.Tests/Dsh.Compaction.Tests.csproj" />
    <Project Path="tests/Dsh.Context.Tests/Dsh.Context.Tests.csproj" />
    <Project Path="tests/Dsh.SessionQuery.Tests/Dsh.SessionQuery.Tests.csproj" />
    <Project Path="tests/Dsh.Sandbox.Tests/Dsh.Sandbox.Tests.csproj" />
    <Project Path="tests/Dsh.Preset.Tests/Dsh.Preset.Tests.csproj" />
    <Project Path="tests/Dsh.Guard.Tests/Dsh.Guard.Tests.csproj" />
    <Project Path="tests/Dsh.Terminal.Tests/Dsh.Terminal.Tests.csproj" />
    <Project Path="tests/Dsh.Hooks.Tests/Dsh.Hooks.Tests.csproj" />
    <Project Path="tests/Dsh.Lsp.Tests/Dsh.Lsp.Tests.csproj" />
    <Project Path="tests/Dsh.Lsp.Tests/Fixtures/FakeLspServer/FakeLspServer.csproj" />
    <Project Path="tests/Dsh.Subagent.Tests/Dsh.Subagent.Tests.csproj" />
    <Project Path="tests/Dsh.Todo.Tests/Dsh.Todo.Tests.csproj" />
  </Folder>
</Solution>



