<Solution>
  <Folder Name="/src/" />
  <Folder Name="/src/Cordis/">
    <Project Path="src/Cordis/Cordis.Core/Cordis.Core.csproj" />
    <Project Path="src/Cordis/Cordis.Cosmokit/Cordis.Cosmokit.csproj" />
    <Project Path="src/Cordis/Cordis.Logger.Console/Cordis.Logger.Console.csproj" />
    <Project Path="src/Cordis/Cordis.Plugin.Hmr/Cordis.Plugin.Hmr.csproj" />
    <Project Path="src/Cordis/Cordis.Plugin.Include/Cordis.Plugin.Include.csproj" />
    <Project Path="src/Cordis/Cordis.Plugin.Loader/Cordis.Plugin.Loader.csproj" />
    <Project Path="src/Cordis/Cordis.Plugin.Timer/Cordis.Plugin.Timer.csproj" />
    <Project Path="src/Cordis/Cordis.Schemastery/Cordis.Schemastery.csproj" />
  </Folder>
  <Folder Name="/src/Hsh/">
    <Project Path="src/Hsh/Hsh.Agent/Hsh.Agent.csproj" />
    <Project Path="src/Hsh/Hsh.AgentLoop/Hsh.AgentLoop.csproj" />
    <Project Path="src/Hsh/Hsh.Authorization/Hsh.Authorization.csproj" />
    <Project Path="src/Hsh/Hsh.Fs/Hsh.Fs.csproj" />
    <Project Path="src/Hsh/Hsh.Identity/Hsh.Identity.csproj" />
    <Project Path="src/Hsh/Hsh.Jobs/Hsh.Jobs.csproj" />
    <Project Path="src/Hsh/Hsh.Plan/Hsh.Plan.csproj" />
    <Project Path="src/Hsh/Hsh.Settings/Hsh.Settings.csproj" />
    <Project Path="src/Hsh/Hsh.Shell/Hsh.Shell.csproj" />
    <Project Path="src/Hsh/Hsh.Skill/Hsh.Skill.csproj" />
    <Project Path="src/Hsh/Hsh.Subprocess/Hsh.Subprocess.csproj" />
    <Project Path="src/Hsh/Hsh.Cli/Hsh.Cli.csproj" />
    <Project Path="src/Hsh/Hsh.Credentials/Hsh.Credentials.csproj" />
    <Project Path="src/Hsh/Hsh.Llm/Hsh.Llm.csproj" />
    <Project Path="src/Hsh/Hsh.Llm.DeepSeek/Hsh.Llm.DeepSeek.csproj" />
    <Project Path="src/Hsh/Hsh.Llm.Replay/Hsh.Llm.Replay.csproj" />
    <Project Path="src/Hsh/Hsh.Scope/Hsh.Scope.csproj" />
    <Project Path="src/Hsh/Hsh.Session/Hsh.Session.csproj" />
    <Project Path="src/Hsh/Hsh.Session.Persistence/Hsh.Session.Persistence.csproj" />
    <Project Path="src/Hsh/Hsh.Session.Projection/Hsh.Session.Projection.csproj" />
    <Project Path="src/Hsh/Hsh.Session.Titles/Hsh.Session.Titles.csproj" />
    <Project Path="src/Hsh/Hsh.Spike/Hsh.Spike.csproj" />
    <Project Path="src/Hsh/Hsh.SystemPrompt/Hsh.SystemPrompt.csproj" />
    <Project Path="src/Hsh/Hsh.Tui/Hsh.Tui.csproj" />
    <Project Path="src/Hsh/Hsh.Web/Hsh.Web.csproj" />
    <Project Path="src/Hsh/Hsh.Web.Host/Hsh.Web.Host.csproj" />
    <Project Path="src/Hsh/Hsh.Web.App/Hsh.Web.App.csproj" />
    <Project Path="src/Hsh/Hsh.Rpc.Generator/Hsh.Rpc.Generator.csproj" />
    <Project Path="src/Hsh/Hsh.Interaction/Hsh.Interaction.csproj" />
    <Project Path="src/Hsh/Hsh.Sdk.Protocol/Hsh.Sdk.Protocol.csproj" />
    <Project Path="src/Hsh/Hsh.Sdk.Server/Hsh.Sdk.Server.csproj" />
    <Project Path="src/Hsh/Hsh.Sdk.Client/Hsh.Sdk.Client.csproj" />
    <Project Path="src/Hsh/Hsh.Acp/Hsh.Acp.csproj" />
    <Project Path="src/Hsh/Hsh.Ui.Sidebar/Hsh.Ui.Sidebar.csproj" />
    <Project Path="src/Hsh/Hsh.Ui.Approval/Hsh.Ui.Approval.csproj" />
    <Project Path="src/Hsh/Hsh.Ui.Settings/Hsh.Ui.Settings.csproj" />
    <Project Path="src/Hsh/Hsh.Ui.Plan/Hsh.Ui.Plan.csproj" />
    <Project Path="src/Hsh/Hsh.Ui.Sessions/Hsh.Ui.Sessions.csproj" />
    <Project Path="src/Hsh/Hsh.Ui.Chat/Hsh.Ui.Chat.csproj" />
    <Project Path="src/Hsh/Hsh.Ui.Workspace/Hsh.Ui.Workspace.csproj" />
    <Project Path="src/Hsh/Hsh.Goal/Hsh.Goal.csproj" />
    <Project Path="src/Hsh/Hsh.Schedule/Hsh.Schedule.csproj" />
    <Project Path="src/Hsh/Hsh.Feedback/Hsh.Feedback.csproj" />
    <Project Path="src/Hsh/Hsh.Storage/Hsh.Storage.csproj" />
    <Project Path="src/Hsh/Hsh.Workspace/Hsh.Workspace.csproj" />
    <Project Path="src/Hsh/Hsh.Workflow/Hsh.Workflow.csproj" />
    <Project Path="src/Hsh/Hsh.Webhook/Hsh.Webhook.csproj" />
    <Project Path="src/Hsh/Hsh.Spill/Hsh.Spill.csproj" />
    <Project Path="src/Hsh/Hsh.Attachment/Hsh.Attachment.csproj" />
    <Project Path="src/Hsh/Hsh.Compaction/Hsh.Compaction.csproj" />
    <Project Path="src/Hsh/Hsh.Context/Hsh.Context.csproj" />
    <Project Path="src/Hsh/Hsh.SessionQuery/Hsh.SessionQuery.csproj" />
    <Project Path="src/Hsh/Hsh.Sandbox/Hsh.Sandbox.csproj" />
    <Project Path="src/Hsh/Hsh.Preset/Hsh.Preset.csproj" />
    <Project Path="src/Hsh/Hsh.Guard/Hsh.Guard.csproj" />
    <Project Path="src/Hsh/Hsh.Terminal/Hsh.Terminal.csproj" />
    <Project Path="src/Hsh/Hsh.Hooks/Hsh.Hooks.csproj" />
    <Project Path="src/Hsh/Hsh.Lsp/Hsh.Lsp.csproj" />
    <Project Path="src/Hsh/Hsh.Subagent/Hsh.Subagent.csproj" />
    <Project Path="src/Hsh/Hsh.Tools/Hsh.Tools.csproj" />
<Project Path="src/Hsh/Hsh.Code/Hsh.Code.csproj" />
<Project Path="src/Hsh/Hsh.CordisRunner/Hsh.CordisRunner.csproj" />
    <Project Path="src/Hsh/Hsh.Todo/Hsh.Todo.csproj" />
  </Folder>
  <Folder Name="/tests/">
    <Project Path="tests/Cordis.Core.Tests/Cordis.Core.Tests.csproj" />
    <Project Path="tests/Cordis.Plugin.Hmr.Tests/Cordis.Plugin.Hmr.Tests.csproj" />
    <Project Path="tests/Cordis.Plugin.Include.Tests/Cordis.Plugin.Include.Tests.csproj" />
    <Project Path="tests/Cordis.Plugin.Loader.Tests/Cordis.Plugin.Loader.Tests.csproj" />
    <Project Path="tests/Cordis.Plugin.Timer.Tests/Cordis.Plugin.Timer.Tests.csproj" />
    <Project Path="tests/Cordis.Tests/Cordis.Tests.csproj" />
    <Project Path="tests/Hsh.Agent.Tests/Hsh.Agent.Tests.csproj" />
    <Project Path="tests/Hsh.AgentLoop.Tests/Hsh.AgentLoop.Tests.csproj" />
    <Project Path="tests/Hsh.Authorization.Tests/Hsh.Authorization.Tests.csproj" />
    <Project Path="tests/Hsh.Fs.Tests/Hsh.Fs.Tests.csproj" />
    <Project Path="tests/Hsh.Identity.Tests/Hsh.Identity.Tests.csproj" />
    <Project Path="tests/Hsh.Jobs.Tests/Hsh.Jobs.Tests.csproj" />
    <Project Path="tests/Hsh.Plan.Tests/Hsh.Plan.Tests.csproj" />
    <Project Path="tests/Hsh.Settings.Tests/Hsh.Settings.Tests.csproj" />
    <Project Path="tests/Hsh.Shell.Tests/Hsh.Shell.Tests.csproj" />
    <Project Path="tests/Hsh.Skill.Tests/Hsh.Skill.Tests.csproj" />
    <Project Path="tests/Hsh.Subprocess.Tests/Hsh.Subprocess.Tests.csproj" />
    <Project Path="tests/Hsh.Cli.Tests/Hsh.Cli.Tests.csproj" />
<Project Path="tests/Hsh.Code.Tests/Hsh.Code.Tests.csproj" />
    <Project Path="tests/Hsh.Cordis.Tests/Hsh.Cordis.Tests.csproj" />
    <Project Path="tests/Hsh.Credentials.Tests/Hsh.Credentials.Tests.csproj" />
    <Project Path="tests/Hsh.Llm.DeepSeek.Tests/Hsh.Llm.DeepSeek.Tests.csproj" />
    <Project Path="tests/Hsh.Session.Persistence.Tests/Hsh.Session.Persistence.Tests.csproj" />
    <Project Path="tests/Hsh.Spike.Tests/Hsh.Spike.Tests.csproj" />
    <Project Path="tests/Hsh.SystemPrompt.Tests/Hsh.SystemPrompt.Tests.csproj" />
    <Project Path="tests/Hsh.Tui.Tests/Hsh.Tui.Tests.csproj" />
    <Project Path="tests/Hsh.Web.Tests/Hsh.Web.Tests.csproj" />
    <Project Path="tests/Hsh.Web.Host.Tests/Hsh.Web.Host.Tests.csproj" />
    <Project Path="tests/Hsh.Goal.Tests/Hsh.Goal.Tests.csproj" />
    <Project Path="tests/Hsh.Interaction.Tests/Hsh.Interaction.Tests.csproj" />
    <Project Path="tests/Hsh.Sdk.Protocol.Tests/Hsh.Sdk.Protocol.Tests.csproj" />
    <Project Path="tests/Hsh.Sdk.Server.Tests/Hsh.Sdk.Server.Tests.csproj" />
    <Project Path="tests/Hsh.Sdk.Client.Tests/Hsh.Sdk.Client.Tests.csproj" />
    <Project Path="tests/Hsh.Acp.Tests/Hsh.Acp.Tests.csproj" />
    <Project Path="tests/Hsh.Snapshot.Tests/Hsh.Snapshot.Tests.csproj" />
    <Project Path="tests/Hsh.Schedule.Tests/Hsh.Schedule.Tests.csproj" />
    <Project Path="tests/Hsh.Feedback.Tests/Hsh.Feedback.Tests.csproj" />
    <Project Path="tests/Hsh.Storage.Tests/Hsh.Storage.Tests.csproj" />
    <Project Path="tests/Hsh.Workspace.Tests/Hsh.Workspace.Tests.csproj" />
    <Project Path="tests/Hsh.Workflow.Tests/Hsh.Workflow.Tests.csproj" />
    <Project Path="tests/Hsh.Webhook.Tests/Hsh.Webhook.Tests.csproj" />
    <Project Path="tests/Hsh.Spill.Tests/Hsh.Spill.Tests.csproj" />
    <Project Path="tests/Hsh.Attachment.Tests/Hsh.Attachment.Tests.csproj" />
    <Project Path="tests/Hsh.Compaction.Tests/Hsh.Compaction.Tests.csproj" />
    <Project Path="tests/Hsh.Context.Tests/Hsh.Context.Tests.csproj" />
    <Project Path="tests/Hsh.SessionQuery.Tests/Hsh.SessionQuery.Tests.csproj" />
    <Project Path="tests/Hsh.Sandbox.Tests/Hsh.Sandbox.Tests.csproj" />
    <Project Path="tests/Hsh.Preset.Tests/Hsh.Preset.Tests.csproj" />
    <Project Path="tests/Hsh.Guard.Tests/Hsh.Guard.Tests.csproj" />
    <Project Path="tests/Hsh.Terminal.Tests/Hsh.Terminal.Tests.csproj" />
    <Project Path="tests/Hsh.Hooks.Tests/Hsh.Hooks.Tests.csproj" />
    <Project Path="tests/Hsh.Lsp.Tests/Hsh.Lsp.Tests.csproj" />
    <Project Path="tests/Hsh.Lsp.Tests/Fixtures/FakeLspServer/FakeLspServer.csproj" />
    <Project Path="tests/Hsh.Subagent.Tests/Hsh.Subagent.Tests.csproj" />
    <Project Path="tests/Hsh.Todo.Tests/Hsh.Todo.Tests.csproj" />
  </Folder>
</Solution>








